
Microsoft Visual Studio Solution File, Format Version 12.00
# Visual Studio Version 16
VisualStudioVersion = 16.0.30717.126
MinimumVisualStudioVersion = 10.0.40219.1
Project("{9A19103F-16F7-4668-BE54-9A1E7A4F7556}") = "ApiGetBooks", "ApiGetBooks.csproj", "{7C75CA84-C00D-406F-8E8D-4AAF40C82767}"
EndProject
Project("{FAE04EC0-301F-11D3-BF4B-00C04F79EFBC}") = "ApiGetBooksTest", "..\ApiGetBooksTest\ApiGetBooksTest.csproj", "{B665C642-6636-4C94-83A8-1E607B45D35A}"
EndProject
Global
	GlobalSection(SolutionConfigurationPlatforms) = preSolution
		Debug|Any CPU = Debug|Any CPU
		Release|Any CPU = Release|Any CPU
	EndGlobalSection
	GlobalSection(ProjectConfigurationPlatforms) = postSolution
		{7C75CA84-C00D-406F-8E8D-4AAF40C82767}.Debug|Any CPU.ActiveCfg = Debug|Any CPU
		{7C75CA84-C00D-406F-8E8D-4AAF40C82767}.Debug|Any CPU.Build.0 = Debug|Any CPU
		{7C75CA84-C00D-406F-8E8D-4AAF40C82767}.Release|Any CPU.ActiveCfg = Release|Any CPU
		{7C75CA84-C00D-406F-8E8D-4AAF40C82767}.Release|Any CPU.Build.0 = Release|Any CPU
		{B665C642-6636-4C94-83A8-1E607B45D35A}.Debug|Any CPU.ActiveCfg = Debug|Any CPU
		{B665C642-6636-4C94-83A8-1E607B45D35A}.Debug|Any CPU.Build.0 = Debug|Any CPU
		{B665C642-6636-4C94-83A8-1E607B45D35A}.Release|Any CPU.ActiveCfg = Release|Any CPU
		{B665C642-6636-4C94-83A8-1E607B45D35A}.Release|Any CPU.Build.0 = Release|Any CPU
	EndGlobalSection
	GlobalSection(SolutionProperties) = preSolution
		HideSolutionNode = FALSE
	EndGlobalSection
	GlobalSection(ExtensibilityGlobals) = postSolution
		SolutionGuid = {396BD963-BFD3-4FDF-9270-14ED67183ADD}
	EndGlobalSection
EndGlobal
